
Microsoft Visual Studio Solution File, Format Version 12.00
# Visual Studio Version 17
VisualStudioVersion = 17.7.34221.43
MinimumVisualStudioVersion = 10.0.40219.1
Project("{FAE04EC0-301F-11D3-BF4B-00C04F79EFBC}") = "Awaker", "Awaker.csproj", "{8A77150A-AF32-4801-A7E6-99AA7E258B48}"
EndProject
Global
	GlobalSection(SolutionConfigurationPlatforms) = preSolution
		Debug|Any CPU = Debug|Any CPU
		Release|Any CPU = Release|Any CPU
	EndGlobalSection
	GlobalSection(ProjectConfigurationPlatforms) = postSolution
		{8A77150A-AF32-4801-A7E6-99AA7E258B48}.Debug|Any CPU.ActiveCfg = Debug|Any CPU
		{8A77150A-AF32-4801-A7E6-99AA7E258B48}.Debug|Any CPU.Build.0 = Debug|Any CPU
		{8A77150A-AF32-4801-A7E6-99AA7E258B48}.Release|Any CPU.ActiveCfg = Release|Any CPU
		{8A77150A-AF32-4801-A7E6-99AA7E258B48}.Release|Any CPU.Build.0 = Release|Any CPU
	EndGlobalSection
	GlobalSection(SolutionProperties) = preSolution
		HideSolutionNode = FALSE
	EndGlobalSection
	GlobalSection(ExtensibilityGlobals) = postSolution
		SolutionGuid = {E1A380C3-C9F9-4B8A-83DB-D5012B890892}
	EndGlobalSection
EndGlobal
